PODS:
  - apple_maps (0.0.5):
    - Flutter
  - Flutter (1.0.0)

DEPENDENCIES:
  - apple_maps (from `.symlinks/plugins/apple_maps/ios`)
  - Flutter (from `Flutter`)

EXTERNAL SOURCES:
  apple_maps:
    :path: ".symlinks/plugins/apple_maps/ios"
  Flutter:
    :path: Flutter

SPEC CHECKSUMS:
  apple_maps: 693dc567d370221600c2418ce640208a3dc18610
  Flutter: 434fef37c0980e73bb6479ef766c45957d4b510c

PODFILE CHECKSUM: 90f66a52c84f87e75678bc86d1df8ab064c988d3

COCOAPODS: 1.10.1
